
Microsoft Visual Studio Solution File, Format Version 12.00
# Visual Studio Version 17
VisualStudioVersion = 17.2.32516.85
MinimumVisualStudioVersion = 10.0.40219.1
Project("{FAE04EC0-301F-11D3-BF4B-00C04F79EFBC}") = "findline", "findline\findline.csproj", "{A38B44DF-3104-414B-99A3-896DE39070E9}"
EndProject
Global
	GlobalSection(SolutionConfigurationPlatforms) = preSolution
		Debug|Any CPU = Debug|Any CPU
		Release|Any CPU = Release|Any CPU
	EndGlobalSection
	GlobalSection(ProjectConfigurationPlatforms) = postSolution
		{A38B44DF-3104-414B-99A3-896DE39070E9}.Debug|Any CPU.ActiveCfg = Debug|Any CPU
		{A38B44DF-3104-414B-99A3-896DE39070E9}.Debug|Any CPU.Build.0 = Debug|Any CPU
		{A38B44DF-3104-414B-99A3-896DE39070E9}.Release|Any CPU.ActiveCfg = Release|Any CPU
		{A38B44DF-3104-414B-99A3-896DE39070E9}.Release|Any CPU.Build.0 = Release|Any CPU
	EndGlobalSection
	GlobalSection(SolutionProperties) = preSolution
		HideSolutionNode = FALSE
	EndGlobalSection
	GlobalSection(ExtensibilityGlobals) = postSolution
		SolutionGuid = {27E89287-4DE4-4E1E-A0B8-98F3FA0E3185}
	EndGlobalSection
EndGlobal
